<Solution>
  <Configurations>
    <Platform Name="Any CPU" />
    <Platform Name="arm64" />
    <Platform Name="x86" />
  </Configurations>
  <Project Path="src/ScratchFiles.csproj" Id="d5c40515-879b-4482-924d-67ef31035277">
    <Platform Solution="*|arm64" Project="arm64" />
    <Platform Solution="*|x86" Project="x86" />
  </Project>
  <Project Path="test/ScratchFiles.Test/ScratchFiles.Test.csproj" Id="3d42a44a-412d-45f7-98e5-7c6faf653a71" />
</Solution>
